// !$*UTF8*$!
{
	archiveVersion = 1;
	classes = {
	};
	objectVersion = 56;
	objects = {

/* Begin PBXBuildFile section */
		644760BA2BA8CAA8002F1B2D /* CustomProgressBar.swift in Sources */ = {isa = PBXBuildFile; fileRef = 644760B82BA8CAA8002F1B2D /* CustomProgressBar.swift */; };
		644760C62BA8CBD0002F1B2D /* OverviewView.swift in Sources */ = {isa = PBXBuildFile; fileRef = 644760C52BA8CBD0002F1B2D /* OverviewView.swift */; };
		644760CE2BA8D2C2002F1B2D /* OverviewModel.swift in Sources */ = {isa = PBXBuildFile; fileRef = 644760CD2BA8D2C2002F1B2D /* OverviewModel.swift */; };
		666BE7AF2BAB87B2002ABF97 /* HomeView.swift in Sources */ = {isa = PBXBuildFile; fileRef = 666BE7AE2BAB87B2002ABF97 /* HomeView.swift */; };
		666BE7B32BACA126002ABF97 /* BudgetsView.swift in Sources */ = {isa = PBXBuildFile; fileRef = 666BE7B22BACA126002ABF97 /* BudgetsView.swift */; };
		666BE7B62BACA2E5002ABF97 /* CreateBudgetView.swift in Sources */ = {isa = PBXBuildFile; fileRef = 666BE7B52BACA2E5002ABF97 /* CreateBudgetView.swift */; };
		666BE7BB2BACA969002ABF97 /* BudgetsViewModel.swift in Sources */ = {isa = PBXBuildFile; fileRef = 666BE7BA2BACA969002ABF97 /* BudgetsViewModel.swift */; };
		666BE7BD2BACC3CD002ABF97 /* SetupView.swift in Sources */ = {isa = PBXBuildFile; fileRef = 666BE7BC2BACC3CD002ABF97 /* SetupView.swift */; };
		6694DEAB2BADEBC600B87CAB /* CustomPageControl.swift in Sources */ = {isa = PBXBuildFile; fileRef = 6694DEAA2BADEBC600B87CAB /* CustomPageControl.swift */; };
		6694DEB42BADF42E00B87CAB /* AddBudgetItemView.swift in Sources */ = {isa = PBXBuildFile; fileRef = 6694DEB32BADF42E00B87CAB /* AddBudgetItemView.swift */; };
		6694DEB92BADF80400B87CAB /* BudgetItemsTableView.swift in Sources */ = {isa = PBXBuildFile; fileRef = 6694DEB82BADF80400B87CAB /* BudgetItemsTableView.swift */; };
		6694DEBB2BADF93900B87CAB /* BudgetSetupComponentView.swift in Sources */ = {isa = PBXBuildFile; fileRef = 6694DEBA2BADF93900B87CAB /* BudgetSetupComponentView.swift */; };
		6694DEC02BAF5F5C00B87CAB /* OverviewCategoryView.swift in Sources */ = {isa = PBXBuildFile; fileRef = 6694DEBF2BAF5F5C00B87CAB /* OverviewCategoryView.swift */; };
		6694DEC22BB07ED300B87CAB /* BudgetSummaryView.swift in Sources */ = {isa = PBXBuildFile; fileRef = 6694DEC12BB07ED300B87CAB /* BudgetSummaryView.swift */; };
		6694DEC52BB08FED00B87CAB /* SettingsView.swift in Sources */ = {isa = PBXBuildFile; fileRef = 6694DEC42BB08FED00B87CAB /* SettingsView.swift */; };
		6694DEC82BB0911300B87CAB /* TransactionsView.swift in Sources */ = {isa = PBXBuildFile; fileRef = 6694DEC72BB0911300B87CAB /* TransactionsView.swift */; };
		6694DECA2BB0912700B87CAB /* TransactionsViewModel.swift in Sources */ = {isa = PBXBuildFile; fileRef = 6694DEC92BB0912700B87CAB /* TransactionsViewModel.swift */; };
		6694DECC2BB0930900B87CAB /* AddTransactionView.swift in Sources */ = {isa = PBXBuildFile; fileRef = 6694DECB2BB0930900B87CAB /* AddTransactionView.swift */; };
		6694DECE2BB1D7D200B87CAB /* OverviewSectionView.swift in Sources */ = {isa = PBXBuildFile; fileRef = 6694DECD2BB1D7D200B87CAB /* OverviewSectionView.swift */; };
		6694DF0A2BB714C400B87CAB /* Color.swift in Sources */ = {isa = PBXBuildFile; fileRef = 6694DF092BB714C400B87CAB /* Color.swift */; };
		6694DF0C2BB7173E00B87CAB /* PreviewProvider.swift in Sources */ = {isa = PBXBuildFile; fileRef = 6694DF0B2BB7173E00B87CAB /* PreviewProvider.swift */; };
		6694DF0E2BBFACF500B87CAB /* SliderView.swift in Sources */ = {isa = PBXBuildFile; fileRef = 6694DF0D2BBFACF500B87CAB /* SliderView.swift */; };
		6694DF102BC0817300B87CAB /* BudgetActivityView.swift in Sources */ = {isa = PBXBuildFile; fileRef = 6694DF0F2BC0817300B87CAB /* BudgetActivityView.swift */; };
		6694DF122BC083AD00B87CAB /* BudgetRingView.swift in Sources */ = {isa = PBXBuildFile; fileRef = 6694DF112BC083AD00B87CAB /* BudgetRingView.swift */; };
		6694DF142BC2656C00B87CAB /* BottomRowView.swift in Sources */ = {isa = PBXBuildFile; fileRef = 6694DF132BC2656C00B87CAB /* BottomRowView.swift */; };
		CE51FB112BA8370D0053AD00 /* BudgetApp.swift in Sources */ = {isa = PBXBuildFile; fileRef = CE51FB102BA8370D0053AD00 /* BudgetApp.swift */; };
		CE51FB172BA8370E0053AD00 /* Assets.xcassets in Resources */ = {isa = PBXBuildFile; fileRef = CE51FB162BA8370E0053AD00 /* Assets.xcassets */; };
		CE51FB1A2BA8370E0053AD00 /* Preview Assets.xcassets in Resources */ = {isa = PBXBuildFile; fileRef = CE51FB192BA8370E0053AD00 /* Preview Assets.xcassets */; };
		CE87D5A82BA83A84001740A5 /* Budget.swift in Sources */ = {isa = PBXBuildFile; fileRef = CE87D5A52BA83A84001740A5 /* Budget.swift */; };
		CE87D5A92BA83A84001740A5 /* Transaction.swift in Sources */ = {isa = PBXBuildFile; fileRef = CE87D5A62BA83A84001740A5 /* Transaction.swift */; };
		CE87D5AA2BA83A84001740A5 /* BudgetItem.swift in Sources */ = {isa = PBXBuildFile; fileRef = CE87D5A72BA83A84001740A5 /* BudgetItem.swift */; };
		CE87D5AD2BA83AD6001740A5 /* BudgetCategory.swift in Sources */ = {isa = PBXBuildFile; fileRef = CE87D5AC2BA83AD6001740A5 /* BudgetCategory.swift */; };
/* End PBXBuildFile section */

/* Begin PBXFileReference section */
		644760B82BA8CAA8002F1B2D /* CustomProgressBar.swift */ = {isa = PBXFileReference; fileEncoding = 4; lastKnownFileType = sourcecode.swift; path = CustomProgressBar.swift; sourceTree = "<group>"; };
		644760C52BA8CBD0002F1B2D /* OverviewView.swift */ = {isa = PBXFileReference; lastKnownFileType = sourcecode.swift; path = OverviewView.swift; sourceTree = "<group>"; };
		644760CD2BA8D2C2002F1B2D /* OverviewModel.swift */ = {isa = PBXFileReference; fileEncoding = 4; lastKnownFileType = sourcecode.swift; path = OverviewModel.swift; sourceTree = "<group>"; };
		666BE7AE2BAB87B2002ABF97 /* HomeView.swift */ = {isa = PBXFileReference; lastKnownFileType = sourcecode.swift; path = HomeView.swift; sourceTree = "<group>"; };
		666BE7B22BACA126002ABF97 /* BudgetsView.swift */ = {isa = PBXFileReference; lastKnownFileType = sourcecode.swift; path = BudgetsView.swift; sourceTree = "<group>"; };
		666BE7B52BACA2E5002ABF97 /* CreateBudgetView.swift */ = {isa = PBXFileReference; lastKnownFileType = sourcecode.swift; path = CreateBudgetView.swift; sourceTree = "<group>"; };
		666BE7BA2BACA969002ABF97 /* BudgetsViewModel.swift */ = {isa = PBXFileReference; lastKnownFileType = sourcecode.swift; path = BudgetsViewModel.swift; sourceTree = "<group>"; };
		666BE7BC2BACC3CD002ABF97 /* SetupView.swift */ = {isa = PBXFileReference; lastKnownFileType = sourcecode.swift; path = SetupView.swift; sourceTree = "<group>"; };
		6694DEAA2BADEBC600B87CAB /* CustomPageControl.swift */ = {isa = PBXFileReference; lastKnownFileType = sourcecode.swift; path = CustomPageControl.swift; sourceTree = "<group>"; };
		6694DEB32BADF42E00B87CAB /* AddBudgetItemView.swift */ = {isa = PBXFileReference; lastKnownFileType = sourcecode.swift; path = AddBudgetItemView.swift; sourceTree = "<group>"; };
		6694DEB82BADF80400B87CAB /* BudgetItemsTableView.swift */ = {isa = PBXFileReference; lastKnownFileType = sourcecode.swift; path = BudgetItemsTableView.swift; sourceTree = "<group>"; };
		6694DEBA2BADF93900B87CAB /* BudgetSetupComponentView.swift */ = {isa = PBXFileReference; lastKnownFileType = sourcecode.swift; path = BudgetSetupComponentView.swift; sourceTree = "<group>"; };
		6694DEBF2BAF5F5C00B87CAB /* OverviewCategoryView.swift */ = {isa = PBXFileReference; lastKnownFileType = sourcecode.swift; path = OverviewCategoryView.swift; sourceTree = "<group>"; };
		6694DEC12BB07ED300B87CAB /* BudgetSummaryView.swift */ = {isa = PBXFileReference; lastKnownFileType = sourcecode.swift; path = BudgetSummaryView.swift; sourceTree = "<group>"; };
		6694DEC42BB08FED00B87CAB /* SettingsView.swift */ = {isa = PBXFileReference; lastKnownFileType = sourcecode.swift; path = SettingsView.swift; sourceTree = "<group>"; };
		6694DEC72BB0911300B87CAB /* TransactionsView.swift */ = {isa = PBXFileReference; lastKnownFileType = sourcecode.swift; path = TransactionsView.swift; sourceTree = "<group>"; };
		6694DEC92BB0912700B87CAB /* TransactionsViewModel.swift */ = {isa = PBXFileReference; lastKnownFileType = sourcecode.swift; path = TransactionsViewModel.swift; sourceTree = "<group>"; };
		6694DECB2BB0930900B87CAB /* AddTransactionView.swift */ = {isa = PBXFileReference; lastKnownFileType = sourcecode.swift; path = AddTransactionView.swift; sourceTree = "<group>"; };
		6694DECD2BB1D7D200B87CAB /* OverviewSectionView.swift */ = {isa = PBXFileReference; lastKnownFileType = sourcecode.swift; path = OverviewSectionView.swift; sourceTree = "<group>"; };
		6694DF092BB714C400B87CAB /* Color.swift */ = {isa = PBXFileReference; lastKnownFileType = sourcecode.swift; path = Color.swift; sourceTree = "<group>"; };
		6694DF0B2BB7173E00B87CAB /* PreviewProvider.swift */ = {isa = PBXFileReference; lastKnownFileType = sourcecode.swift; path = PreviewProvider.swift; sourceTree = "<group>"; };
		6694DF0D2BBFACF500B87CAB /* SliderView.swift */ = {isa = PBXFileReference; lastKnownFileType = sourcecode.swift; path = SliderView.swift; sourceTree = "<group>"; };
		6694DF0F2BC0817300B87CAB /* BudgetActivityView.swift */ = {isa = PBXFileReference; lastKnownFileType = sourcecode.swift; path = BudgetActivityView.swift; sourceTree = "<group>"; };
		6694DF112BC083AD00B87CAB /* BudgetRingView.swift */ = {isa = PBXFileReference; lastKnownFileType = sourcecode.swift; path = BudgetRingView.swift; sourceTree = "<group>"; };
		6694DF132BC2656C00B87CAB /* BottomRowView.swift */ = {isa = PBXFileReference; lastKnownFileType = sourcecode.swift; path = BottomRowView.swift; sourceTree = "<group>"; };
		CE51FB0D2BA8370D0053AD00 /* Simple Budget.app */ = {isa = PBXFileReference; explicitFileType = wrapper.application; includeInIndex = 0; path = "Simple Budget.app"; sourceTree = BUILT_PRODUCTS_DIR; };
		CE51FB102BA8370D0053AD00 /* BudgetApp.swift */ = {isa = PBXFileReference; lastKnownFileType = sourcecode.swift; path = BudgetApp.swift; sourceTree = "<group>"; };
		CE51FB162BA8370E0053AD00 /* Assets.xcassets */ = {isa = PBXFileReference; lastKnownFileType = folder.assetcatalog; path = Assets.xcassets; sourceTree = "<group>"; };
		CE51FB192BA8370E0053AD00 /* Preview Assets.xcassets */ = {isa = PBXFileReference; lastKnownFileType = folder.assetcatalog; path = "Preview Assets.xcassets"; sourceTree = "<group>"; };
		CE87D5A52BA83A84001740A5 /* Budget.swift */ = {isa = PBXFileReference; fileEncoding = 4; lastKnownFileType = sourcecode.swift; path = Budget.swift; sourceTree = "<group>"; };
		CE87D5A62BA83A84001740A5 /* Transaction.swift */ = {isa = PBXFileReference; fileEncoding = 4; lastKnownFileType = sourcecode.swift; path = Transaction.swift; sourceTree = "<group>"; };
		CE87D5A72BA83A84001740A5 /* BudgetItem.swift */ = {isa = PBXFileReference; fileEncoding = 4; lastKnownFileType = sourcecode.swift; path = BudgetItem.swift; sourceTree = "<group>"; };
		CE87D5AC2BA83AD6001740A5 /* BudgetCategory.swift */ = {isa = PBXFileReference; fileEncoding = 4; lastKnownFileType = sourcecode.swift; path = BudgetCategory.swift; sourceTree = "<group>"; };
/* End PBXFileReference section */

/* Begin PBXFrameworksBuildPhase section */
		CE51FB0A2BA8370D0053AD00 /* Frameworks */ = {
			isa = PBXFrameworksBuildPhase;
			buildActionMask = 2147483647;
			files = (
			);
			runOnlyForDeploymentPostprocessing = 0;
		};
/* End PBXFrameworksBuildPhase section */

/* Begin PBXGroup section */
		644760B22BA8C845002F1B2D /* Resources */ = {
			isa = PBXGroup;
			children = (
				CE51FB162BA8370E0053AD00 /* Assets.xcassets */,
				CE51FB182BA8370E0053AD00 /* Preview Content */,
			);
			path = Resources;
			sourceTree = "<group>";
		};
		644760B32BA8C87D002F1B2D /* App */ = {
			isa = PBXGroup;
			children = (
				CE51FB102BA8370D0053AD00 /* BudgetApp.swift */,
				666BE7AE2BAB87B2002ABF97 /* HomeView.swift */,
			);
			path = App;
			sourceTree = "<group>";
		};
		644760B42BA8C885002F1B2D /* Views */ = {
			isa = PBXGroup;
			children = (
				666BE7B12BACA0E2002ABF97 /* Overview */,
				644760CF2BA8D352002F1B2D /* Budget */,
				6694DEC62BB090FB00B87CAB /* Transactions */,
				6694DEC32BB08FD000B87CAB /* Settings */,
			);
			path = Views;
			sourceTree = "<group>";
		};
		644760B62BA8CAA8002F1B2D /* Components */ = {
			isa = PBXGroup;
			children = (
				6694DF0D2BBFACF500B87CAB /* SliderView.swift */,
				644760B82BA8CAA8002F1B2D /* CustomProgressBar.swift */,
				6694DEAA2BADEBC600B87CAB /* CustomPageControl.swift */,
				6694DF0F2BC0817300B87CAB /* BudgetActivityView.swift */,
				6694DF112BC083AD00B87CAB /* BudgetRingView.swift */,
				6694DF132BC2656C00B87CAB /* BottomRowView.swift */,
			);
			path = Components;
			sourceTree = "<group>";
		};
		644760CF2BA8D352002F1B2D /* Budget */ = {
			isa = PBXGroup;
			children = (
				666BE7B22BACA126002ABF97 /* BudgetsView.swift */,
				666BE7B42BACA2C7002ABF97 /* CreateBudget */,
			);
			path = Budget;
			sourceTree = "<group>";
		};
		666BE7B12BACA0E2002ABF97 /* Overview */ = {
			isa = PBXGroup;
			children = (
				644760C52BA8CBD0002F1B2D /* OverviewView.swift */,
				6694DEBF2BAF5F5C00B87CAB /* OverviewCategoryView.swift */,
				6694DECD2BB1D7D200B87CAB /* OverviewSectionView.swift */,
			);
			path = Overview;
			sourceTree = "<group>";
		};
		666BE7B42BACA2C7002ABF97 /* CreateBudget */ = {
			isa = PBXGroup;
			children = (
				666BE7B52BACA2E5002ABF97 /* CreateBudgetView.swift */,
				6694DEB32BADF42E00B87CAB /* AddBudgetItemView.swift */,
				6694DEB82BADF80400B87CAB /* BudgetItemsTableView.swift */,
				666BE7BC2BACC3CD002ABF97 /* SetupView.swift */,
				6694DEBA2BADF93900B87CAB /* BudgetSetupComponentView.swift */,
				6694DEC12BB07ED300B87CAB /* BudgetSummaryView.swift */,
			);
			path = CreateBudget;
			sourceTree = "<group>";
		};
		666BE7B92BACA948002ABF97 /* ViewModels */ = {
			isa = PBXGroup;
			children = (
				666BE7BA2BACA969002ABF97 /* BudgetsViewModel.swift */,
				6694DEC92BB0912700B87CAB /* TransactionsViewModel.swift */,
			);
			path = ViewModels;
			sourceTree = "<group>";
		};
		6694DEC32BB08FD000B87CAB /* Settings */ = {
			isa = PBXGroup;
			children = (
				6694DEC42BB08FED00B87CAB /* SettingsView.swift */,
			);
			path = Settings;
			sourceTree = "<group>";
		};
		6694DEC62BB090FB00B87CAB /* Transactions */ = {
			isa = PBXGroup;
			children = (
				6694DEC72BB0911300B87CAB /* TransactionsView.swift */,
				6694DECB2BB0930900B87CAB /* AddTransactionView.swift */,
			);
			path = Transactions;
			sourceTree = "<group>";
		};
		6694DF082BB714B600B87CAB /* Extensions */ = {
			isa = PBXGroup;
			children = (
				6694DF092BB714C400B87CAB /* Color.swift */,
				6694DF0B2BB7173E00B87CAB /* PreviewProvider.swift */,
			);
			path = Extensions;
			sourceTree = "<group>";
		};
		CE51FB042BA8370D0053AD00 = {
			isa = PBXGroup;
			children = (
				CE51FB0F2BA8370D0053AD00 /* Simple Budget */,
				CE51FB0E2BA8370D0053AD00 /* Products */,
			);
			sourceTree = "<group>";
		};
		CE51FB0E2BA8370D0053AD00 /* Products */ = {
			isa = PBXGroup;
			children = (
				CE51FB0D2BA8370D0053AD00 /* Simple Budget.app */,
			);
			name = Products;
			sourceTree = "<group>";
		};
		CE51FB0F2BA8370D0053AD00 /* Simple Budget */ = {
			isa = PBXGroup;
			children = (
				644760B32BA8C87D002F1B2D /* App */,
				6694DF082BB714B600B87CAB /* Extensions */,
				CE87D5AB2BA83AD6001740A5 /* Enums */,
				CE87D5A42BA83A84001740A5 /* Models */,
				666BE7B92BACA948002ABF97 /* ViewModels */,
				644760B42BA8C885002F1B2D /* Views */,
				644760B62BA8CAA8002F1B2D /* Components */,
				644760B22BA8C845002F1B2D /* Resources */,
			);
			path = "Simple Budget";
			sourceTree = "<group>";
		};
		CE51FB182BA8370E0053AD00 /* Preview Content */ = {
			isa = PBXGroup;
			children = (
				CE51FB192BA8370E0053AD00 /* Preview Assets.xcassets */,
			);
			path = "Preview Content";
			sourceTree = "<group>";
		};
		CE87D5A42BA83A84001740A5 /* Models */ = {
			isa = PBXGroup;
			children = (
				CE87D5A52BA83A84001740A5 /* Budget.swift */,
				CE87D5A62BA83A84001740A5 /* Transaction.swift */,
				644760CD2BA8D2C2002F1B2D /* OverviewModel.swift */,
				CE87D5A72BA83A84001740A5 /* BudgetItem.swift */,
			);
			path = Models;
			sourceTree = "<group>";
		};
		CE87D5AB2BA83AD6001740A5 /* Enums */ = {
			isa = PBXGroup;
			children = (
				CE87D5AC2BA83AD6001740A5 /* BudgetCategory.swift */,
			);
			path = Enums;
			sourceTree = "<group>";
		};
/* End PBXGroup section */

/* Begin PBXNativeTarget section */
		CE51FB0C2BA8370D0053AD00 /* Simple Budget */ = {
			isa = PBXNativeTarget;
			buildConfigurationList = CE51FB1D2BA8370E0053AD00 /* Build configuration list for PBXNativeTarget "Simple Budget" */;
			buildPhases = (
				CE51FB092BA8370D0053AD00 /* Sources */,
				CE51FB0A2BA8370D0053AD00 /* Frameworks */,
				CE51FB0B2BA8370D0053AD00 /* Resources */,
			);
			buildRules = (
			);
			dependencies = (
			);
			name = "Simple Budget";
			productName = "Simple Budget";
			productReference = CE51FB0D2BA8370D0053AD00 /* Simple Budget.app */;
			productType = "com.apple.product-type.application";
		};
/* End PBXNativeTarget section */

/* Begin PBXProject section */
		CE51FB052BA8370D0053AD00 /* Project object */ = {
			isa = PBXProject;
			attributes = {
				BuildIndependentTargetsInParallel = 1;
				LastSwiftUpdateCheck = 1510;
				LastUpgradeCheck = 1510;
				TargetAttributes = {
					CE51FB0C2BA8370D0053AD00 = {
						CreatedOnToolsVersion = 15.1;
					};
				};
			};
			buildConfigurationList = CE51FB082BA8370D0053AD00 /* Build configuration list for PBXProject "Simple Budget" */;
			compatibilityVersion = "Xcode 14.0";
			developmentRegion = en;
			hasScannedForEncodings = 0;
			knownRegions = (
				en,
				Base,
			);
			mainGroup = CE51FB042BA8370D0053AD00;
			productRefGroup = CE51FB0E2BA8370D0053AD00 /* Products */;
			projectDirPath = "";
			projectRoot = "";
			targets = (
				CE51FB0C2BA8370D0053AD00 /* Simple Budget */,
			);
		};
/* End PBXProject section */

/* Begin PBXResourcesBuildPhase section */
		CE51FB0B2BA8370D0053AD00 /* Resources */ = {
			isa = PBXResourcesBuildPhase;
			buildActionMask = 2147483647;
			files = (
				CE51FB1A2BA8370E0053AD00 /* Preview Assets.xcassets in Resources */,
				CE51FB172BA8370E0053AD00 /* Assets.xcassets in Resources */,
			);
			runOnlyForDeploymentPostprocessing = 0;
		};
/* End PBXResourcesBuildPhase section */

/* Begin PBXSourcesBuildPhase section */
		CE51FB092BA8370D0053AD00 /* Sources */ = {
			isa = PBXSourcesBuildPhase;
			buildActionMask = 2147483647;
			files = (
				6694DEC22BB07ED300B87CAB /* BudgetSummaryView.swift in Sources */,
				6694DEB42BADF42E00B87CAB /* AddBudgetItemView.swift in Sources */,
				6694DECE2BB1D7D200B87CAB /* OverviewSectionView.swift in Sources */,
				6694DEC52BB08FED00B87CAB /* SettingsView.swift in Sources */,
				6694DEAB2BADEBC600B87CAB /* CustomPageControl.swift in Sources */,
				6694DEC02BAF5F5C00B87CAB /* OverviewCategoryView.swift in Sources */,
				666BE7B62BACA2E5002ABF97 /* CreateBudgetView.swift in Sources */,
				CE87D5AD2BA83AD6001740A5 /* BudgetCategory.swift in Sources */,
				6694DF0E2BBFACF500B87CAB /* SliderView.swift in Sources */,
				6694DF142BC2656C00B87CAB /* BottomRowView.swift in Sources */,
				CE87D5A82BA83A84001740A5 /* Budget.swift in Sources */,
				6694DECC2BB0930900B87CAB /* AddTransactionView.swift in Sources */,
				666BE7BB2BACA969002ABF97 /* BudgetsViewModel.swift in Sources */,
				644760CE2BA8D2C2002F1B2D /* OverviewModel.swift in Sources */,
				6694DEB92BADF80400B87CAB /* BudgetItemsTableView.swift in Sources */,
				CE87D5AA2BA83A84001740A5 /* BudgetItem.swift in Sources */,
				6694DECA2BB0912700B87CAB /* TransactionsViewModel.swift in Sources */,
				6694DF0C2BB7173E00B87CAB /* PreviewProvider.swift in Sources */,
				666BE7AF2BAB87B2002ABF97 /* HomeView.swift in Sources */,
				6694DEC82BB0911300B87CAB /* TransactionsView.swift in Sources */,
				CE51FB112BA8370D0053AD00 /* BudgetApp.swift in Sources */,
				644760BA2BA8CAA8002F1B2D /* CustomProgressBar.swift in Sources */,
				6694DEBB2BADF93900B87CAB /* BudgetSetupComponentView.swift in Sources */,
				CE87D5A92BA83A84001740A5 /* Transaction.swift in Sources */,
				6694DF0A2BB714C400B87CAB /* Color.swift in Sources */,
				644760C62BA8CBD0002F1B2D /* OverviewView.swift in Sources */,
				6694DF102BC0817300B87CAB /* BudgetActivityView.swift in Sources */,
				6694DF122BC083AD00B87CAB /* BudgetRingView.swift in Sources */,
				666BE7B32BACA126002ABF97 /* BudgetsView.swift in Sources */,
				666BE7BD2BACC3CD002ABF97 /* SetupView.swift in Sources */,
			);
			runOnlyForDeploymentPostprocessing = 0;
		};
/* End PBXSourcesBuildPhase section */

/* Begin XCBuildConfiguration section */
		CE51FB1B2BA8370E0053AD00 /* Debug */ = {
			isa = XCBuildConfiguration;
			buildSettings = {
				ALWAYS_SEARCH_USER_PATHS = NO;
				ASSETCATALOG_COMPILER_GENERATE_SWIFT_ASSET_SYMBOL_EXTENSIONS = YES;
				CLANG_ANALYZER_NONNULL = YES;
				CLANG_ANALYZER_NUMBER_OBJECT_CONVERSION = YES_AGGRESSIVE;
				CLANG_CXX_LANGUAGE_STANDARD = "gnu++20";
				CLANG_ENABLE_MODULES = YES;
				CLANG_ENABLE_OBJC_ARC = YES;
				CLANG_ENABLE_OBJC_WEAK = YES;
				CLANG_WARN_BLOCK_CAPTURE_AUTORELEASING = YES;
				CLANG_WARN_BOOL_CONVERSION = YES;
				CLANG_WARN_COMMA = YES;
				CLANG_WARN_CONSTANT_CONVERSION = YES;
				CLANG_WARN_DEPRECATED_OBJC_IMPLEMENTATIONS = YES;
				CLANG_WARN_DIRECT_OBJC_ISA_USAGE = YES_ERROR;
				CLANG_WARN_DOCUMENTATION_COMMENTS = YES;
				CLANG_WARN_EMPTY_BODY = YES;
				CLANG_WARN_ENUM_CONVERSION = YES;
				CLANG_WARN_INFINITE_RECURSION = YES;
				CLANG_WARN_INT_CONVERSION = YES;
				CLANG_WARN_NON_LITERAL_NULL_CONVERSION = YES;
				CLANG_WARN_OBJC_IMPLICIT_RETAIN_SELF = YES;
				CLANG_WARN_OBJC_LITERAL_CONVERSION = YES;
				CLANG_WARN_OBJC_ROOT_CLASS = YES_ERROR;
				CLANG_WARN_QUOTED_INCLUDE_IN_FRAMEWORK_HEADER = YES;
				CLANG_WARN_RANGE_LOOP_ANALYSIS = YES;
				CLANG_WARN_STRICT_PROTOTYPES = YES;
				CLANG_WARN_SUSPICIOUS_MOVE = YES;
				CLANG_WARN_UNGUARDED_AVAILABILITY = YES_AGGRESSIVE;
				CLANG_WARN_UNREACHABLE_CODE = YES;
				CLANG_WARN__DUPLICATE_METHOD_MATCH = YES;
				COPY_PHASE_STRIP = NO;
				DEBUG_INFORMATION_FORMAT = dwarf;
				ENABLE_STRICT_OBJC_MSGSEND = YES;
				ENABLE_TESTABILITY = YES;
				ENABLE_USER_SCRIPT_SANDBOXING = YES;
				GCC_C_LANGUAGE_STANDARD = gnu17;
				GCC_DYNAMIC_NO_PIC = NO;
				GCC_NO_COMMON_BLOCKS = YES;
				GCC_OPTIMIZATION_LEVEL = 0;
				GCC_PREPROCESSOR_DEFINITIONS = (
					"DEBUG=1",
					"$(inherited)",
				);
				GCC_WARN_64_TO_32_BIT_CONVERSION = YES;
				GCC_WARN_ABOUT_RETURN_TYPE = YES_ERROR;
				GCC_WARN_UNDECLARED_SELECTOR = YES;
				GCC_WARN_UNINITIALIZED_AUTOS = YES_AGGRESSIVE;
				GCC_WARN_UNUSED_FUNCTION = YES;
				GCC_WARN_UNUSED_VARIABLE = YES;
				IPHONEOS_DEPLOYMENT_TARGET = 17.2;
				LOCALIZATION_PREFERS_STRING_CATALOGS = YES;
				MTL_ENABLE_DEBUG_INFO = INCLUDE_SOURCE;
				MTL_FAST_MATH = YES;
				ONLY_ACTIVE_ARCH = YES;
				SDKROOT = iphoneos;
				SWIFT_ACTIVE_COMPILATION_CONDITIONS = "DEBUG $(inherited)";
				SWIFT_OPTIMIZATION_LEVEL = "-Onone";
			};
			name = Debug;
		};
		CE51FB1C2BA8370E0053AD00 /* Release */ = {
			isa = XCBuildConfiguration;
			buildSettings = {
				ALWAYS_SEARCH_USER_PATHS = NO;
				ASSETCATALOG_COMPILER_GENERATE_SWIFT_ASSET_SYMBOL_EXTENSIONS = YES;
				CLANG_ANALYZER_NONNULL = YES;
				CLANG_ANALYZER_NUMBER_OBJECT_CONVERSION = YES_AGGRESSIVE;
				CLANG_CXX_LANGUAGE_STANDARD = "gnu++20";
				CLANG_ENABLE_MODULES = YES;
				CLANG_ENABLE_OBJC_ARC = YES;
				CLANG_ENABLE_OBJC_WEAK = YES;
				CLANG_WARN_BLOCK_CAPTURE_AUTORELEASING = YES;
				CLANG_WARN_BOOL_CONVERSION = YES;
				CLANG_WARN_COMMA = YES;
				CLANG_WARN_CONSTANT_CONVERSION = YES;
				CLANG_WARN_DEPRECATED_OBJC_IMPLEMENTATIONS = YES;
				CLANG_WARN_DIRECT_OBJC_ISA_USAGE = YES_ERROR;
				CLANG_WARN_DOCUMENTATION_COMMENTS = YES;
				CLANG_WARN_EMPTY_BODY = YES;
				CLANG_WARN_ENUM_CONVERSION = YES;
				CLANG_WARN_INFINITE_RECURSION = YES;
				CLANG_WARN_INT_CONVERSION = YES;
				CLANG_WARN_NON_LITERAL_NULL_CONVERSION = YES;
				CLANG_WARN_OBJC_IMPLICIT_RETAIN_SELF = YES;
				CLANG_WARN_OBJC_LITERAL_CONVERSION = YES;
				CLANG_WARN_OBJC_ROOT_CLASS = YES_ERROR;
				CLANG_WARN_QUOTED_INCLUDE_IN_FRAMEWORK_HEADER = YES;
				CLANG_WARN_RANGE_LOOP_ANALYSIS = YES;
				CLANG_WARN_STRICT_PROTOTYPES = YES;
				CLANG_WARN_SUSPICIOUS_MOVE = YES;
				CLANG_WARN_UNGUARDED_AVAILABILITY = YES_AGGRESSIVE;
				CLANG_WARN_UNREACHABLE_CODE = YES;
				CLANG_WARN__DUPLICATE_METHOD_MATCH = YES;
				COPY_PHASE_STRIP = NO;
				DEBUG_INFORMATION_FORMAT = "dwarf-with-dsym";
				ENABLE_NS_ASSERTIONS = NO;
				ENABLE_STRICT_OBJC_MSGSEND = YES;
				ENABLE_USER_SCRIPT_SANDBOXING = YES;
				GCC_C_LANGUAGE_STANDARD = gnu17;
				GCC_NO_COMMON_BLOCKS = YES;
				GCC_WARN_64_TO_32_BIT_CONVERSION = YES;
				GCC_WARN_ABOUT_RETURN_TYPE = YES_ERROR;
				GCC_WARN_UNDECLARED_SELECTOR = YES;
				GCC_WARN_UNINITIALIZED_AUTOS = YES_AGGRESSIVE;
				GCC_WARN_UNUSED_FUNCTION = YES;
				GCC_WARN_UNUSED_VARIABLE = YES;
				IPHONEOS_DEPLOYMENT_TARGET = 17.2;
				LOCALIZATION_PREFERS_STRING_CATALOGS = YES;
				MTL_ENABLE_DEBUG_INFO = NO;
				MTL_FAST_MATH = YES;
				SDKROOT = iphoneos;
				SWIFT_COMPILATION_MODE = wholemodule;
				VALIDATE_PRODUCT = YES;
			};
			name = Release;
		};
		CE51FB1E2BA8370E0053AD00 /* Debug */ = {
			isa = XCBuildConfiguration;
			buildSettings = {
				ASSETCATALOG_COMPILER_APPICON_NAME = AppIcon;
				ASSETCATALOG_COMPILER_GLOBAL_ACCENT_COLOR_NAME = AccentColor;
				CODE_SIGN_STYLE = Automatic;
				CURRENT_PROJECT_VERSION = 1;
				DEVELOPMENT_ASSET_PATHS = "\"Simple Budget/Resources/Preview Content\"";
				DEVELOPMENT_TEAM = 6SFM579B5E;
				ENABLE_PREVIEWS = YES;
				GENERATE_INFOPLIST_FILE = YES;
				INFOPLIST_KEY_UIApplicationSceneManifest_Generation = YES;
				INFOPLIST_KEY_UIApplicationSupportsIndirectInputEvents = YES;
				INFOPLIST_KEY_UILaunchScreen_Generation = YES;
				INFOPLIST_KEY_UISupportedInterfaceOrientations_iPad = "UIInterfaceOrientationPortrait UIInterfaceOrientationPortraitUpsideDown UIInterfaceOrientationLandscapeLeft UIInterfaceOrientationLandscapeRight";
				INFOPLIST_KEY_UISupportedInterfaceOrientations_iPhone = "UIInterfaceOrientationPortrait UIInterfaceOrientationLandscapeLeft UIInterfaceOrientationLandscapeRight";
				IPHONEOS_DEPLOYMENT_TARGET = 17.0;
				LD_RUNPATH_SEARCH_PATHS = (
					"$(inherited)",
					"@executable_path/Frameworks",
				);
				MARKETING_VERSION = 1.0;
				PRODUCT_BUNDLE_IDENTIFIER = design.rdconcepts.budgeting;
				PRODUCT_NAME = "$(TARGET_NAME)";
				SWIFT_EMIT_LOC_STRINGS = YES;
				SWIFT_VERSION = 5.0;
				TARGETED_DEVICE_FAMILY = "1,2";
			};
			name = Debug;
		};
		CE51FB1F2BA8370E0053AD00 /* Release */ = {
			isa = XCBuildConfiguration;
			buildSettings = {
				ASSETCATALOG_COMPILER_APPICON_NAME = AppIcon;
				ASSETCATALOG_COMPILER_GLOBAL_ACCENT_COLOR_NAME = AccentColor;
				CODE_SIGN_STYLE = Automatic;
				CURRENT_PROJECT_VERSION = 1;
				DEVELOPMENT_ASSET_PATHS = "\"Simple Budget/Resources/Preview Content\"";
				DEVELOPMENT_TEAM = 6SFM579B5E;
				ENABLE_PREVIEWS = YES;
				GENERATE_INFOPLIST_FILE = YES;
				INFOPLIST_KEY_UIApplicationSceneManifest_Generation = YES;
				INFOPLIST_KEY_UIApplicationSupportsIndirectInputEvents = YES;
				INFOPLIST_KEY_UILaunchScreen_Generation = YES;
				INFOPLIST_KEY_UISupportedInterfaceOrientations_iPad = "UIInterfaceOrientationPortrait UIInterfaceOrientationPortraitUpsideDown UIInterfaceOrientationLandscapeLeft UIInterfaceOrientationLandscapeRight";
				INFOPLIST_KEY_UISupportedInterfaceOrientations_iPhone = "UIInterfaceOrientationPortrait UIInterfaceOrientationLandscapeLeft UIInterfaceOrientationLandscapeRight";
				IPHONEOS_DEPLOYMENT_TARGET = 17.0;
				LD_RUNPATH_SEARCH_PATHS = (
					"$(inherited)",
					"@executable_path/Frameworks",
				);
				MARKETING_VERSION = 1.0;
				PRODUCT_BUNDLE_IDENTIFIER = design.rdconcepts.budgeting;
				PRODUCT_NAME = "$(TARGET_NAME)";
				SWIFT_EMIT_LOC_STRINGS = YES;
				SWIFT_VERSION = 5.0;
				TARGETED_DEVICE_FAMILY = "1,2";
			};
			name = Release;
		};
/* End XCBuildConfiguration section */

/* Begin XCConfigurationList section */
		CE51FB082BA8370D0053AD00 /* Build configuration list for PBXProject "Simple Budget" */ = {
			isa = XCConfigurationList;
			buildConfigurations = (
				CE51FB1B2BA8370E0053AD00 /* Debug */,
				CE51FB1C2BA8370E0053AD00 /* Release */,
			);
			defaultConfigurationIsVisible = 0;
			defaultConfigurationName = Release;
		};
		CE51FB1D2BA8370E0053AD00 /* Build configuration list for PBXNativeTarget "Simple Budget" */ = {
			isa = XCConfigurationList;
			buildConfigurations = (
				CE51FB1E2BA8370E0053AD00 /* Debug */,
				CE51FB1F2BA8370E0053AD00 /* Release */,
			);
			defaultConfigurationIsVisible = 0;
			defaultConfigurationName = Release;
		};
/* End XCConfigurationList section */
	};
	rootObject = CE51FB052BA8370D0053AD00 /* Project object */;
}
